
Microsoft Visual Studio Solution File, Format Version 12.00
# Visual Studio 15
VisualStudioVersion = 15.0.28010.2048
MinimumVisualStudioVersion = 10.0.40219.1
Project("{FAE04EC0-301F-11D3-BF4B-00C04F79EFBC}") = "MyFirstApplication", "MyFirstApplication\MyFirstApplication.csproj", "{3D798982-93EF-4F8B-BF2D-D438B8E325C2}"
EndProject
Project("{FAE04EC0-301F-11D3-BF4B-00C04F79EFBC}") = "MyFirstApplication.Entity", "MyFirstApplication.Entity\MyFirstApplication.Entity.csproj", "{661E3A7A-9396-4948-9364-6ECFC95FFD4A}"
EndProject
Global
	GlobalSection(SolutionConfigurationPlatforms) = preSolution
		Debug|Any CPU = Debug|Any CPU
		Release|Any CPU = Release|Any CPU
	EndGlobalSection
	GlobalSection(ProjectConfigurationPlatforms) = postSolution
		{3D798982-93EF-4F8B-BF2D-D438B8E325C2}.Debug|Any CPU.ActiveCfg = Debug|Any CPU
		{3D798982-93EF-4F8B-BF2D-D438B8E325C2}.Debug|Any CPU.Build.0 = Debug|Any CPU
		{3D798982-93EF-4F8B-BF2D-D438B8E325C2}.Release|Any CPU.ActiveCfg = Release|Any CPU
		{3D798982-93EF-4F8B-BF2D-D438B8E325C2}.Release|Any CPU.Build.0 = Release|Any CPU
		{661E3A7A-9396-4948-9364-6ECFC95FFD4A}.Debug|Any CPU.ActiveCfg = Debug|Any CPU
		{661E3A7A-9396-4948-9364-6ECFC95FFD4A}.Debug|Any CPU.Build.0 = Debug|Any CPU
		{661E3A7A-9396-4948-9364-6ECFC95FFD4A}.Release|Any CPU.ActiveCfg = Release|Any CPU
		{661E3A7A-9396-4948-9364-6ECFC95FFD4A}.Release|Any CPU.Build.0 = Release|Any CPU
	EndGlobalSection
	GlobalSection(SolutionProperties) = preSolution
		HideSolutionNode = FALSE
	EndGlobalSection
	GlobalSection(ExtensibilityGlobals) = postSolution
		SolutionGuid = {227DA0A1-2AB6-4F89-B44C-EBF84896995A}
	EndGlobalSection
EndGlobal
